
Microsoft Visual Studio Solution File, Format Version 12.00
# Visual Studio 16

Project("{E24C65DC-7377-472B-9ABA-BC803B73C61A}") = "AnalisisII_tienda", "app\", "DDC394D4-0194-4180-81DA-5592D717326B"
EndProject
Project("{2150E333-8FDC-42A3-9474-1A3956D46DE8}") = "Code On Time Items", "Code On Time Items", "{C45F620E-577A-4799-814A-5A966C8B48C5}"
	ProjectSection(SolutionItems) = preProject
		ClientLibrary.es-ES.txt = ClientLibrary.es-ES.txt
		DataAquarium.Project.xml = DataAquarium.Project.xml
		DataAquarium.Version.xml = DataAquarium.Version.xml
	EndProjectSection
EndProject
